
Microsoft Visual Studio Solution File, Format Version 12.00
# Visual Studio Version 16
VisualStudioVersion = 16.0.31729.503
MinimumVisualStudioVersion = 10.0.40219.1
Project("{FAE04EC0-301F-11D3-BF4B-00C04F79EFBC}") = "ModelInCsharp", "ModelInCsharp\ModelInCsharp.csproj", "{48CF643B-523C-4386-8D3F-F5FBC3159C55}"
EndProject
Global
	GlobalSection(SolutionConfigurationPlatforms) = preSolution
		Debug|Any CPU = Debug|Any CPU
		Release|Any CPU = Release|Any CPU
	EndGlobalSection
	GlobalSection(ProjectConfigurationPlatforms) = postSolution
		{48CF643B-523C-4386-8D3F-F5FBC3159C55}.Debug|Any CPU.ActiveCfg = Debug|Any CPU
		{48CF643B-523C-4386-8D3F-F5FBC3159C55}.Debug|Any CPU.Build.0 = Debug|Any CPU
		{48CF643B-523C-4386-8D3F-F5FBC3159C55}.Release|Any CPU.ActiveCfg = Release|Any CPU
		{48CF643B-523C-4386-8D3F-F5FBC3159C55}.Release|Any CPU.Build.0 = Release|Any CPU
	EndGlobalSection
	GlobalSection(SolutionProperties) = preSolution
		HideSolutionNode = FALSE
	EndGlobalSection
	GlobalSection(ExtensibilityGlobals) = postSolution
		SolutionGuid = {E6D9BDBB-FDBC-4C3E-9248-AEBDF9547880}
	EndGlobalSection
EndGlobal
